// !$*UTF8*$!
{
	archiveVersion = 1;
	classes = {
	};
	objectVersion = 46;
	objects = {

/* Begin PBXBuildFile section */
		C3A10A831A64FA74005EAE92 /* AppDelegate.swift in Sources */ = {isa = PBXBuildFile; fileRef = C3A10A821A64FA74005EAE92 /* AppDelegate.swift */; };
		C3A10A851A64FA74005EAE92 /* DownloadsViewController.swift in Sources */ = {isa = PBXBuildFile; fileRef = C3A10A841A64FA74005EAE92 /* DownloadsViewController.swift */; };
		C3A10A881A64FA74005EAE92 /* Main.storyboard in Resources */ = {isa = PBXBuildFile; fileRef = C3A10A861A64FA74005EAE92 /* Main.storyboard */; };
		C3A10A8A1A64FA74005EAE92 /* Images.xcassets in Resources */ = {isa = PBXBuildFile; fileRef = C3A10A891A64FA74005EAE92 /* Images.xcassets */; };
		C3A10A8D1A64FA74005EAE92 /* LaunchScreen.xib in Resources */ = {isa = PBXBuildFile; fileRef = C3A10A8B1A64FA74005EAE92 /* LaunchScreen.xib */; };
		C3A10AA31A64FB1C005EAE92 /* TCBlobDownloadSwift.framework in Frameworks */ = {isa = PBXBuildFile; fileRef = C3A10AA21A64FB1C005EAE92 /* TCBlobDownloadSwift.framework */; };
		C3A10AA71A6632B2005EAE92 /* AddDownloadViewController.swift in Sources */ = {isa = PBXBuildFile; fileRef = C3A10AA61A6632B2005EAE92 /* AddDownloadViewController.swift */; };
		C3DF78B71A67A871000B558E /* DownloadTableViewCell.swift in Sources */ = {isa = PBXBuildFile; fileRef = C3DF78B61A67A871000B558E /* DownloadTableViewCell.swift */; };
		C3DF78B91A67A8DA000B558E /* DownloadTableViewCell.xib in Resources */ = {isa = PBXBuildFile; fileRef = C3DF78B81A67A8DA000B558E /* DownloadTableViewCell.xib */; };
/* End PBXBuildFile section */

/* Begin PBXFileReference section */
		C3A10A7D1A64FA74005EAE92 /* iOS Example.app */ = {isa = PBXFileReference; explicitFileType = wrapper.application; includeInIndex = 0; path = "iOS Example.app"; sourceTree = BUILT_PRODUCTS_DIR; };
		C3A10A811A64FA74005EAE92 /* Info.plist */ = {isa = PBXFileReference; lastKnownFileType = text.plist.xml; path = Info.plist; sourceTree = "<group>"; };
		C3A10A821A64FA74005EAE92 /* AppDelegate.swift */ = {isa = PBXFileReference; lastKnownFileType = sourcecode.swift; path = AppDelegate.swift; sourceTree = "<group>"; };
		C3A10A841A64FA74005EAE92 /* DownloadsViewController.swift */ = {isa = PBXFileReference; lastKnownFileType = sourcecode.swift; path = DownloadsViewController.swift; sourceTree = "<group>"; };
		C3A10A871A64FA74005EAE92 /* Base */ = {isa = PBXFileReference; lastKnownFileType = file.storyboard; name = Base; path = Base.lproj/Main.storyboard; sourceTree = "<group>"; };
		C3A10A891A64FA74005EAE92 /* Images.xcassets */ = {isa = PBXFileReference; lastKnownFileType = folder.assetcatalog; path = Images.xcassets; sourceTree = "<group>"; };
		C3A10A8C1A64FA74005EAE92 /* Base */ = {isa = PBXFileReference; lastKnownFileType = file.xib; name = Base; path = Base.lproj/LaunchScreen.xib; sourceTree = "<group>"; };
		C3A10AA21A64FB1C005EAE92 /* TCBlobDownloadSwift.framework */ = {isa = PBXFileReference; lastKnownFileType = wrapper.framework; name = TCBlobDownloadSwift.framework; path = "build/Debug-iphoneos/TCBlobDownloadSwift.framework"; sourceTree = "<group>"; };
		C3A10AA61A6632B2005EAE92 /* AddDownloadViewController.swift */ = {isa = PBXFileReference; fileEncoding = 4; lastKnownFileType = sourcecode.swift; path = AddDownloadViewController.swift; sourceTree = "<group>"; };
		C3DF78B61A67A871000B558E /* DownloadTableViewCell.swift */ = {isa = PBXFileReference; fileEncoding = 4; lastKnownFileType = sourcecode.swift; path = DownloadTableViewCell.swift; sourceTree = "<group>"; };
		C3DF78B81A67A8DA000B558E /* DownloadTableViewCell.xib */ = {isa = PBXFileReference; fileEncoding = 4; lastKnownFileType = file.xib; path = DownloadTableViewCell.xib; sourceTree = "<group>"; };
/* End PBXFileReference section */

/* Begin PBXFrameworksBuildPhase section */
		C3A10A7A1A64FA74005EAE92 /* Frameworks */ = {
			isa = PBXFrameworksBuildPhase;
			buildActionMask = 2147483647;
			files = (
				C3A10AA31A64FB1C005EAE92 /* TCBlobDownloadSwift.framework in Frameworks */,
			);
			runOnlyForDeploymentPostprocessing = 0;
		};
/* End PBXFrameworksBuildPhase section */

/* Begin PBXGroup section */
		C3A10A741A64FA74005EAE92 = {
			isa = PBXGroup;
			children = (
				C3A10A7F1A64FA74005EAE92 /* iOS Example */,
				C3A10A7E1A64FA74005EAE92 /* Products */,
				C3A10AA41A64FBD1005EAE92 /* Frameworks */,
			);
			sourceTree = "<group>";
		};
		C3A10A7E1A64FA74005EAE92 /* Products */ = {
			isa = PBXGroup;
			children = (
				C3A10A7D1A64FA74005EAE92 /* iOS Example.app */,
			);
			name = Products;
			sourceTree = "<group>";
		};
		C3A10A7F1A64FA74005EAE92 /* iOS Example */ = {
			isa = PBXGroup;
			children = (
				C3A10A821A64FA74005EAE92 /* AppDelegate.swift */,
				C3A10A841A64FA74005EAE92 /* DownloadsViewController.swift */,
				C3A10AA61A6632B2005EAE92 /* AddDownloadViewController.swift */,
				C3DF78BA1A67A8DF000B558E /* DownloadCell */,
				C3A10A861A64FA74005EAE92 /* Main.storyboard */,
				C3A10A891A64FA74005EAE92 /* Images.xcassets */,
				C3A10A8B1A64FA74005EAE92 /* LaunchScreen.xib */,
				C3A10A801A64FA74005EAE92 /* Supporting Files */,
			);
			path = "iOS Example";
			sourceTree = "<group>";
		};
		C3A10A801A64FA74005EAE92 /* Supporting Files */ = {
			isa = PBXGroup;
			children = (
				C3A10A811A64FA74005EAE92 /* Info.plist */,
			);
			name = "Supporting Files";
			sourceTree = "<group>";
		};
		C3A10AA41A64FBD1005EAE92 /* Frameworks */ = {
			isa = PBXGroup;
			children = (
				C3A10AA21A64FB1C005EAE92 /* TCBlobDownloadSwift.framework */,
			);
			name = Frameworks;
			path = ..;
			sourceTree = "<group>";
		};
		C3DF78BA1A67A8DF000B558E /* DownloadCell */ = {
			isa = PBXGroup;
			children = (
				C3DF78B61A67A871000B558E /* DownloadTableViewCell.swift */,
				C3DF78B81A67A8DA000B558E /* DownloadTableViewCell.xib */,
			);
			name = DownloadCell;
			sourceTree = "<group>";
		};
/* End PBXGroup section */

/* Begin PBXNativeTarget section */
		C3A10A7C1A64FA74005EAE92 /* iOS Example */ = {
			isa = PBXNativeTarget;
			buildConfigurationList = C3A10A9C1A64FA74005EAE92 /* Build configuration list for PBXNativeTarget "iOS Example" */;
			buildPhases = (
				C3A10A791A64FA74005EAE92 /* Sources */,
				C3A10A7A1A64FA74005EAE92 /* Frameworks */,
				C3A10A7B1A64FA74005EAE92 /* Resources */,
			);
			buildRules = (
			);
			dependencies = (
			);
			name = "iOS Example";
			productName = "iOS Example";
			productReference = C3A10A7D1A64FA74005EAE92 /* iOS Example.app */;
			productType = "com.apple.product-type.application";
		};
/* End PBXNativeTarget section */

/* Begin PBXProject section */
		C3A10A751A64FA74005EAE92 /* Project object */ = {
			isa = PBXProject;
			attributes = {
				LastSwiftUpdateCheck = 0730;
				LastUpgradeCheck = 0730;
				ORGANIZATIONNAME = "Thibault Charbonnier";
				TargetAttributes = {
					C3A10A7C1A64FA74005EAE92 = {
						CreatedOnToolsVersion = 6.1.1;
					};
				};
			};
			buildConfigurationList = C3A10A781A64FA74005EAE92 /* Build configuration list for PBXProject "iOS Example" */;
			compatibilityVersion = "Xcode 3.2";
			developmentRegion = English;
			hasScannedForEncodings = 0;
			knownRegions = (
				en,
				Base,
			);
			mainGroup = C3A10A741A64FA74005EAE92;
			productRefGroup = C3A10A7E1A64FA74005EAE92 /* Products */;
			projectDirPath = "";
			projectRoot = "";
			targets = (
				C3A10A7C1A64FA74005EAE92 /* iOS Example */,
			);
		};
/* End PBXProject section */

/* Begin PBXResourcesBuildPhase section */
		C3A10A7B1A64FA74005EAE92 /* Resources */ = {
			isa = PBXResourcesBuildPhase;
			buildActionMask = 2147483647;
			files = (
				C3A10A881A64FA74005EAE92 /* Main.storyboard in Resources */,
				C3DF78B91A67A8DA000B558E /* DownloadTableViewCell.xib in Resources */,
				C3A10A8D1A64FA74005EAE92 /* LaunchScreen.xib in Resources */,
				C3A10A8A1A64FA74005EAE92 /* Images.xcassets in Resources */,
			);
			runOnlyForDeploymentPostprocessing = 0;
		};
/* End PBXResourcesBuildPhase section */

/* Begin PBXSourcesBuildPhase section */
		C3A10A791A64FA74005EAE92 /* Sources */ = {
			isa = PBXSourcesBuildPhase;
			buildActionMask = 2147483647;
			files = (
				C3A10A851A64FA74005EAE92 /* DownloadsViewController.swift in Sources */,
				C3DF78B71A67A871000B558E /* DownloadTableViewCell.swift in Sources */,
				C3A10A831A64FA74005EAE92 /* AppDelegate.swift in Sources */,
				C3A10AA71A6632B2005EAE92 /* AddDownloadViewController.swift in Sources */,
			);
			runOnlyForDeploymentPostprocessing = 0;
		};
/* End PBXSourcesBuildPhase section */

/* Begin PBXVariantGroup section */
		C3A10A861A64FA74005EAE92 /* Main.storyboard */ = {
			isa = PBXVariantGroup;
			children = (
				C3A10A871A64FA74005EAE92 /* Base */,
			);
			name = Main.storyboard;
			sourceTree = "<group>";
		};
		C3A10A8B1A64FA74005EAE92 /* LaunchScreen.xib */ = {
			isa = PBXVariantGroup;
			children = (
				C3A10A8C1A64FA74005EAE92 /* Base */,
			);
			name = LaunchScreen.xib;
			sourceTree = "<group>";
		};
/* End PBXVariantGroup section */

/* Begin XCBuildConfiguration section */
		C3A10A9A1A64FA74005EAE92 /* Debug */ = {
			isa = XCBuildConfiguration;
			buildSettings = {
				ALWAYS_SEARCH_USER_PATHS = NO;
				CLANG_CXX_LANGUAGE_STANDARD = "gnu++0x";
				CLANG_CXX_LIBRARY = "libc++";
				CLANG_ENABLE_MODULES = YES;
				CLANG_ENABLE_OBJC_ARC = YES;
				CLANG_WARN_BOOL_CONVERSION = YES;
				CLANG_WARN_CONSTANT_CONVERSION = YES;
				CLANG_WARN_DIRECT_OBJC_ISA_USAGE = YES_ERROR;
				CLANG_WARN_EMPTY_BODY = YES;
				CLANG_WARN_ENUM_CONVERSION = YES;
				CLANG_WARN_INT_CONVERSION = YES;
				CLANG_WARN_OBJC_ROOT_CLASS = YES_ERROR;
				CLANG_WARN_UNREACHABLE_CODE = YES;
				CLANG_WARN__DUPLICATE_METHOD_MATCH = YES;
				"CODE_SIGN_IDENTITY[sdk=iphoneos*]" = "iPhone Developer";
				COPY_PHASE_STRIP = NO;
				ENABLE_STRICT_OBJC_MSGSEND = YES;
				ENABLE_TESTABILITY = YES;
				GCC_C_LANGUAGE_STANDARD = gnu99;
				GCC_DYNAMIC_NO_PIC = NO;
				GCC_OPTIMIZATION_LEVEL = 0;
				GCC_PREPROCESSOR_DEFINITIONS = (
					"DEBUG=1",
					"$(inherited)",
				);
				GCC_SYMBOLS_PRIVATE_EXTERN = NO;
				GCC_WARN_64_TO_32_BIT_CONVERSION = YES;
				GCC_WARN_ABOUT_RETURN_TYPE = YES_ERROR;
				GCC_WARN_UNDECLARED_SELECTOR = YES;
				GCC_WARN_UNINITIALIZED_AUTOS = YES_AGGRESSIVE;
				GCC_WARN_UNUSED_FUNCTION = YES;
				GCC_WARN_UNUSED_VARIABLE = YES;
				IPHONEOS_DEPLOYMENT_TARGET = 8.1;
				MTL_ENABLE_DEBUG_INFO = YES;
				ONLY_ACTIVE_ARCH = YES;
				SDKROOT = iphoneos;
				SWIFT_OPTIMIZATION_LEVEL = "-Onone";
				TARGETED_DEVICE_FAMILY = "1,2";
			};
			name = Debug;
		};
		C3A10A9B1A64FA74005EAE92 /* Release */ = {
			isa = XCBuildConfiguration;
			buildSettings = {
				ALWAYS_SEARCH_USER_PATHS = NO;
				CLANG_CXX_LANGUAGE_STANDARD = "gnu++0x";
				CLANG_CXX_LIBRARY = "libc++";
				CLANG_ENABLE_MODULES = YES;
				CLANG_ENABLE_OBJC_ARC = YES;
				CLANG_WARN_BOOL_CONVERSION = YES;
				CLANG_WARN_CONSTANT_CONVERSION = YES;
				CLANG_WARN_DIRECT_OBJC_ISA_USAGE = YES_ERROR;
				CLANG_WARN_EMPTY_BODY = YES;
				CLANG_WARN_ENUM_CONVERSION = YES;
				CLANG_WARN_INT_CONVERSION = YES;
				CLANG_WARN_OBJC_ROOT_CLASS = YES_ERROR;
				CLANG_WARN_UNREACHABLE_CODE = YES;
				CLANG_WARN__DUPLICATE_METHOD_MATCH = YES;
				"CODE_SIGN_IDENTITY[sdk=iphoneos*]" = "iPhone Developer";
				COPY_PHASE_STRIP = YES;
				ENABLE_NS_ASSERTIONS = NO;
				ENABLE_STRICT_OBJC_MSGSEND = YES;
				GCC_C_LANGUAGE_STANDARD = gnu99;
				GCC_WARN_64_TO_32_BIT_CONVERSION = YES;
				GCC_WARN_ABOUT_RETURN_TYPE = YES_ERROR;
				GCC_WARN_UNDECLARED_SELECTOR = YES;
				GCC_WARN_UNINITIALIZED_AUTOS = YES_AGGRESSIVE;
				GCC_WARN_UNUSED_FUNCTION = YES;
				GCC_WARN_UNUSED_VARIABLE = YES;
				IPHONEOS_DEPLOYMENT_TARGET = 8.1;
				MTL_ENABLE_DEBUG_INFO = NO;
				SDKROOT = iphoneos;
				TARGETED_DEVICE_FAMILY = "1,2";
				VALIDATE_PRODUCT = YES;
			};
			name = Release;
		};
		C3A10A9D1A64FA74005EAE92 /* Debug */ = {
			isa = XCBuildConfiguration;
			buildSettings = {
				ASSETCATALOG_COMPILER_APPICON_NAME = AppIcon;
				FRAMEWORK_SEARCH_PATHS = (
					"$(inherited)",
					"/Users/thibaultcha/Projects/TC_BlobDownloadSwift/build/Debug-iphoneos",
				);
				INFOPLIST_FILE = "iOS Example/Info.plist";
				LD_RUNPATH_SEARCH_PATHS = "$(inherited) @executable_path/Frameworks";
				PRODUCT_BUNDLE_IDENTIFIER = "com.thibaultcha.$(PRODUCT_NAME:rfc1034identifier)";
				PRODUCT_NAME = "$(TARGET_NAME)";
			};
			name = Debug;
		};
		C3A10A9E1A64FA74005EAE92 /* Release */ = {
			isa = XCBuildConfiguration;
			buildSettings = {
				ASSETCATALOG_COMPILER_APPICON_NAME = AppIcon;
				FRAMEWORK_SEARCH_PATHS = (
					"$(inherited)",
					"/Users/thibaultcha/Projects/TC_BlobDownloadSwift/build/Debug-iphoneos",
				);
				INFOPLIST_FILE = "iOS Example/Info.plist";
				LD_RUNPATH_SEARCH_PATHS = "$(inherited) @executable_path/Frameworks";
				PRODUCT_BUNDLE_IDENTIFIER = "com.thibaultcha.$(PRODUCT_NAME:rfc1034identifier)";
				PRODUCT_NAME = "$(TARGET_NAME)";
			};
			name = Release;
		};
/* End XCBuildConfiguration section */

/* Begin XCConfigurationList section */
		C3A10A781A64FA74005EAE92 /* Build configuration list for PBXProject "iOS Example" */ = {
			isa = XCConfigurationList;
			buildConfigurations = (
				C3A10A9A1A64FA74005EAE92 /* Debug */,
				C3A10A9B1A64FA74005EAE92 /* Release */,
			);
			defaultConfigurationIsVisible = 0;
			defaultConfigurationName = Release;
		};
		C3A10A9C1A64FA74005EAE92 /* Build configuration list for PBXNativeTarget "iOS Example" */ = {
			isa = XCConfigurationList;
			buildConfigurations = (
				C3A10A9D1A64FA74005EAE92 /* Debug */,
				C3A10A9E1A64FA74005EAE92 /* Release */,
			);
			defaultConfigurationIsVisible = 0;
			defaultConfigurationName = Release;
		};
/* End XCConfigurationList section */
	};
	rootObject = C3A10A751A64FA74005EAE92 /* Project object */;
}
